// !$*UTF8*$!
{
	archiveVersion = 1;
	classes = {
	};
	objectVersion = 50;
	objects = {

/* Begin PBXBuildFile section */
		43092A04227AB5550077BE2D /* 038CountAndSay.swift in Sources */ = {isa = PBXBuildFile; fileRef = 43092A03227AB5550077BE2D /* 038CountAndSay.swift */; };
		43227EEB227C00BF00708F43 /* 014.LongestCommonPrefix.swift in Sources */ = {isa = PBXBuildFile; fileRef = 43227EEA227C00BF00708F43 /* 014.LongestCommonPrefix.swift */; };
		43227EFA227EA66700708F43 /* 088MergeSortedArray .swift in Sources */ = {isa = PBXBuildFile; fileRef = 43227EF9227EA66700708F43 /* 088MergeSortedArray .swift */; };
		4325625A2282948300EA4C27 /* 070.ClimbingStairs .swift in Sources */ = {isa = PBXBuildFile; fileRef = 432562592282948300EA4C27 /* 070.ClimbingStairs .swift */; };
		432C7C36226F9B5D0080F636 /* 344.ReverseString.swift in Sources */ = {isa = PBXBuildFile; fileRef = 432C7C35226F9B5D0080F636 /* 344.ReverseString.swift */; };
		432C7C38226F9C2D0080F636 /* 387.FirstUniqueCharacterInAString.swift in Sources */ = {isa = PBXBuildFile; fileRef = 432C7C37226F9C2D0080F636 /* 387.FirstUniqueCharacterInAString.swift */; };
		4332CBF52271919E00C51D36 /* 242.ValidAnagram.swift in Sources */ = {isa = PBXBuildFile; fileRef = 4332CBF42271919E00C51D36 /* 242.ValidAnagram.swift */; };
		4345445F22851D8A00FA5429 /* 121.BestTimetoBuyAndSellStock.swift in Sources */ = {isa = PBXBuildFile; fileRef = 4345445E22851D8A00FA5429 /* 121.BestTimetoBuyAndSellStock.swift */; };
		4348FFD222953F0900A9F440 /* 155.MinStack.swift in Sources */ = {isa = PBXBuildFile; fileRef = 4348FFD122953F0900A9F440 /* 155.MinStack.swift */; };
		43708B87226CF8B5008277B9 /* 048.RotateImage.swift in Sources */ = {isa = PBXBuildFile; fileRef = 43708B86226CF8B5008277B9 /* 048.RotateImage.swift */; };
		437D134F2290D7BA0089CC3B /* 053.MaximumSubarray.swift in Sources */ = {isa = PBXBuildFile; fileRef = 437D134E2290D7BA0089CC3B /* 053.MaximumSubarray.swift */; };
		438E8046227373A1004C5356 /* 125.ValidPalindrome.swift in Sources */ = {isa = PBXBuildFile; fileRef = 438E8045227373A1004C5356 /* 125.ValidPalindrome.swift */; };
		438E806A227401A3004C5356 /* 008.StringToIntegerAtoi.swift in Sources */ = {isa = PBXBuildFile; fileRef = 438E8069227401A3004C5356 /* 008.StringToIntegerAtoi.swift */; };
		438E806C2276B136004C5356 /* 028.ImplementStrStr.swift in Sources */ = {isa = PBXBuildFile; fileRef = 438E806B2276B136004C5356 /* 028.ImplementStrStr.swift */; };
		439C191B226A6A13006FA74E /* 217.ContainsDuplicate.swift in Sources */ = {isa = PBXBuildFile; fileRef = 439C191A226A6A13006FA74E /* 217.ContainsDuplicate.swift */; };
		439C191D226A6BD7006FA74E /* 350.IntersectionOfTwoArraysII .swift in Sources */ = {isa = PBXBuildFile; fileRef = 439C191C226A6BD7006FA74E /* 350.IntersectionOfTwoArraysII .swift */; };
		43B3F54622932DD4009DE69E /* 198.HouseRobber.swift in Sources */ = {isa = PBXBuildFile; fileRef = 43B3F54522932DD4009DE69E /* 198.HouseRobber.swift */; };
		43B3F54822932F38009DE69E /* 384.ShuffleAnArray.swift in Sources */ = {isa = PBXBuildFile; fileRef = 43B3F54722932F38009DE69E /* 384.ShuffleAnArray.swift */; };
		43CF000A2296736B00A8D245 /* 412.FizzBuzz.swift in Sources */ = {isa = PBXBuildFile; fileRef = 43CF00092296736B00A8D245 /* 412.FizzBuzz.swift */; };
		43D21763229893EC00356B50 /* 204.CountPrimes.swift in Sources */ = {isa = PBXBuildFile; fileRef = 43D21762229893EC00356B50 /* 204.CountPrimes.swift */; };
		43D446D322626D21006312C1 /* main.swift in Sources */ = {isa = PBXBuildFile; fileRef = 43D446D222626D21006312C1 /* main.swift */; };
		43D446DA22626D9F006312C1 /* leetcode01.swift in Sources */ = {isa = PBXBuildFile; fileRef = 43D446D922626D9F006312C1 /* leetcode01.swift */; };
		43DBA261226BE632004E5ACE /* 066.PlusOne .swift in Sources */ = {isa = PBXBuildFile; fileRef = 43DBA260226BE632004E5ACE /* 066.PlusOne .swift */; };
		43DC41952265A119004CE94A /* 007.ReverseInteger.swift in Sources */ = {isa = PBXBuildFile; fileRef = 43DC41942265A119004CE94A /* 007.ReverseInteger.swift */; };
		43DC41972265A135004CE94A /* 013.RomanToInteger.swift in Sources */ = {isa = PBXBuildFile; fileRef = 43DC41962265A135004CE94A /* 013.RomanToInteger.swift */; };
		43DC41992265A163004CE94A /* 009.PalindromeNumber.swift in Sources */ = {isa = PBXBuildFile; fileRef = 43DC41982265A163004CE94A /* 009.PalindromeNumber.swift */; };
		43DC419B2265A1A5004CE94A /* 122.BestTimeToBuyAndSellStockII.swift in Sources */ = {isa = PBXBuildFile; fileRef = 43DC419A2265A1A5004CE94A /* 122.BestTimeToBuyAndSellStockII.swift */; };
/* End PBXBuildFile section */

/* Begin PBXCopyFilesBuildPhase section */
		43D446CD22626D21006312C1 /* CopyFiles */ = {
			isa = PBXCopyFilesBuildPhase;
			buildActionMask = 2147483647;
			dstPath = /usr/share/man/man1/;
			dstSubfolderSpec = 0;
			files = (
			);
			runOnlyForDeploymentPostprocessing = 1;
		};
/* End PBXCopyFilesBuildPhase section */

/* Begin PBXFileReference section */
		43092A03227AB5550077BE2D /* 038CountAndSay.swift */ = {isa = PBXFileReference; lastKnownFileType = sourcecode.swift; path = 038CountAndSay.swift; sourceTree = "<group>"; };
		43227EEA227C00BF00708F43 /* 014.LongestCommonPrefix.swift */ = {isa = PBXFileReference; lastKnownFileType = sourcecode.swift; path = 014.LongestCommonPrefix.swift; sourceTree = "<group>"; };
		43227EF9227EA66700708F43 /* 088MergeSortedArray .swift */ = {isa = PBXFileReference; lastKnownFileType = sourcecode.swift; path = "088MergeSortedArray .swift"; sourceTree = "<group>"; };
		432562592282948300EA4C27 /* 070.ClimbingStairs .swift */ = {isa = PBXFileReference; lastKnownFileType = sourcecode.swift; path = "070.ClimbingStairs .swift"; sourceTree = "<group>"; };
		432C7C35226F9B5D0080F636 /* 344.ReverseString.swift */ = {isa = PBXFileReference; lastKnownFileType = sourcecode.swift; path = 344.ReverseString.swift; sourceTree = "<group>"; };
		432C7C37226F9C2D0080F636 /* 387.FirstUniqueCharacterInAString.swift */ = {isa = PBXFileReference; lastKnownFileType = sourcecode.swift; path = 387.FirstUniqueCharacterInAString.swift; sourceTree = "<group>"; };
		4332CBF42271919E00C51D36 /* 242.ValidAnagram.swift */ = {isa = PBXFileReference; lastKnownFileType = sourcecode.swift; path = 242.ValidAnagram.swift; sourceTree = "<group>"; };
		4345445E22851D8A00FA5429 /* 121.BestTimetoBuyAndSellStock.swift */ = {isa = PBXFileReference; lastKnownFileType = sourcecode.swift; path = 121.BestTimetoBuyAndSellStock.swift; sourceTree = "<group>"; };
		4348FFD122953F0900A9F440 /* 155.MinStack.swift */ = {isa = PBXFileReference; lastKnownFileType = sourcecode.swift; path = 155.MinStack.swift; sourceTree = "<group>"; };
		43708B86226CF8B5008277B9 /* 048.RotateImage.swift */ = {isa = PBXFileReference; lastKnownFileType = sourcecode.swift; path = 048.RotateImage.swift; sourceTree = "<group>"; };
		437D134E2290D7BA0089CC3B /* 053.MaximumSubarray.swift */ = {isa = PBXFileReference; lastKnownFileType = sourcecode.swift; path = 053.MaximumSubarray.swift; sourceTree = "<group>"; };
		438E8045227373A1004C5356 /* 125.ValidPalindrome.swift */ = {isa = PBXFileReference; lastKnownFileType = sourcecode.swift; path = 125.ValidPalindrome.swift; sourceTree = "<group>"; };
		438E8069227401A3004C5356 /* 008.StringToIntegerAtoi.swift */ = {isa = PBXFileReference; lastKnownFileType = sourcecode.swift; path = 008.StringToIntegerAtoi.swift; sourceTree = "<group>"; };
		438E806B2276B136004C5356 /* 028.ImplementStrStr.swift */ = {isa = PBXFileReference; lastKnownFileType = sourcecode.swift; path = 028.ImplementStrStr.swift; sourceTree = "<group>"; };
		439C191A226A6A13006FA74E /* 217.ContainsDuplicate.swift */ = {isa = PBXFileReference; lastKnownFileType = sourcecode.swift; path = 217.ContainsDuplicate.swift; sourceTree = "<group>"; };
		439C191C226A6BD7006FA74E /* 350.IntersectionOfTwoArraysII .swift */ = {isa = PBXFileReference; lastKnownFileType = sourcecode.swift; path = "350.IntersectionOfTwoArraysII .swift"; sourceTree = "<group>"; };
		43B3F54522932DD4009DE69E /* 198.HouseRobber.swift */ = {isa = PBXFileReference; lastKnownFileType = sourcecode.swift; path = 198.HouseRobber.swift; sourceTree = "<group>"; };
		43B3F54722932F38009DE69E /* 384.ShuffleAnArray.swift */ = {isa = PBXFileReference; lastKnownFileType = sourcecode.swift; path = 384.ShuffleAnArray.swift; sourceTree = "<group>"; };
		43CF00092296736B00A8D245 /* 412.FizzBuzz.swift */ = {isa = PBXFileReference; lastKnownFileType = sourcecode.swift; path = 412.FizzBuzz.swift; sourceTree = "<group>"; };
		43D21762229893EC00356B50 /* 204.CountPrimes.swift */ = {isa = PBXFileReference; lastKnownFileType = sourcecode.swift; path = 204.CountPrimes.swift; sourceTree = "<group>"; };
		43D446CF22626D21006312C1 /* Leetcode */ = {isa = PBXFileReference; explicitFileType = "compiled.mach-o.executable"; includeInIndex = 0; path = Leetcode; sourceTree = BUILT_PRODUCTS_DIR; };
		43D446D222626D21006312C1 /* main.swift */ = {isa = PBXFileReference; lastKnownFileType = sourcecode.swift; path = main.swift; sourceTree = "<group>"; };
		43D446D922626D9F006312C1 /* leetcode01.swift */ = {isa = PBXFileReference; lastKnownFileType = sourcecode.swift; path = leetcode01.swift; sourceTree = "<group>"; };
		43DBA260226BE632004E5ACE /* 066.PlusOne .swift */ = {isa = PBXFileReference; lastKnownFileType = sourcecode.swift; path = "066.PlusOne .swift"; sourceTree = "<group>"; };
		43DC41942265A119004CE94A /* 007.ReverseInteger.swift */ = {isa = PBXFileReference; lastKnownFileType = sourcecode.swift; path = 007.ReverseInteger.swift; sourceTree = "<group>"; };
		43DC41962265A135004CE94A /* 013.RomanToInteger.swift */ = {isa = PBXFileReference; lastKnownFileType = sourcecode.swift; path = 013.RomanToInteger.swift; sourceTree = "<group>"; };
		43DC41982265A163004CE94A /* 009.PalindromeNumber.swift */ = {isa = PBXFileReference; lastKnownFileType = sourcecode.swift; path = 009.PalindromeNumber.swift; sourceTree = "<group>"; };
		43DC419A2265A1A5004CE94A /* 122.BestTimeToBuyAndSellStockII.swift */ = {isa = PBXFileReference; lastKnownFileType = sourcecode.swift; path = 122.BestTimeToBuyAndSellStockII.swift; sourceTree = "<group>"; };
/* End PBXFileReference section */

/* Begin PBXFrameworksBuildPhase section */
		43D446CC22626D21006312C1 /* Frameworks */ = {
			isa = PBXFrameworksBuildPhase;
			buildActionMask = 2147483647;
			files = (
			);
			runOnlyForDeploymentPostprocessing = 0;
		};
/* End PBXFrameworksBuildPhase section */

/* Begin PBXGroup section */
		43D446C622626D21006312C1 = {
			isa = PBXGroup;
			children = (
				43D446D122626D21006312C1 /* Leetcode */,
				43D446D022626D21006312C1 /* Products */,
			);
			sourceTree = "<group>";
		};
		43D446D022626D21006312C1 /* Products */ = {
			isa = PBXGroup;
			children = (
				43D446CF22626D21006312C1 /* Leetcode */,
			);
			name = Products;
			sourceTree = "<group>";
		};
		43D446D122626D21006312C1 /* Leetcode */ = {
			isa = PBXGroup;
			children = (
				43D446D222626D21006312C1 /* main.swift */,
				43D446D922626D9F006312C1 /* leetcode01.swift */,
				43DC41942265A119004CE94A /* 007.ReverseInteger.swift */,
				438E8069227401A3004C5356 /* 008.StringToIntegerAtoi.swift */,
				43DC41982265A163004CE94A /* 009.PalindromeNumber.swift */,
				43DC41962265A135004CE94A /* 013.RomanToInteger.swift */,
				43227EEA227C00BF00708F43 /* 014.LongestCommonPrefix.swift */,
				438E806B2276B136004C5356 /* 028.ImplementStrStr.swift */,
				43092A03227AB5550077BE2D /* 038CountAndSay.swift */,
				43708B86226CF8B5008277B9 /* 048.RotateImage.swift */,
				437D134E2290D7BA0089CC3B /* 053.MaximumSubarray.swift */,
				43DBA260226BE632004E5ACE /* 066.PlusOne .swift */,
				432562592282948300EA4C27 /* 070.ClimbingStairs .swift */,
				43227EF9227EA66700708F43 /* 088MergeSortedArray .swift */,
				4345445E22851D8A00FA5429 /* 121.BestTimetoBuyAndSellStock.swift */,
				43DC419A2265A1A5004CE94A /* 122.BestTimeToBuyAndSellStockII.swift */,
				438E8045227373A1004C5356 /* 125.ValidPalindrome.swift */,
				4348FFD122953F0900A9F440 /* 155.MinStack.swift */,
				43B3F54522932DD4009DE69E /* 198.HouseRobber.swift */,
				43D21762229893EC00356B50 /* 204.CountPrimes.swift */,
				439C191A226A6A13006FA74E /* 217.ContainsDuplicate.swift */,
				4332CBF42271919E00C51D36 /* 242.ValidAnagram.swift */,
				432C7C35226F9B5D0080F636 /* 344.ReverseString.swift */,
				439C191C226A6BD7006FA74E /* 350.IntersectionOfTwoArraysII .swift */,
				43B3F54722932F38009DE69E /* 384.ShuffleAnArray.swift */,
				432C7C37226F9C2D0080F636 /* 387.FirstUniqueCharacterInAString.swift */,
				43CF00092296736B00A8D245 /* 412.FizzBuzz.swift */,
			);
			path = Leetcode;
			sourceTree = "<group>";
		};
/* End PBXGroup section */

/* Begin PBXNativeTarget section */
		43D446CE22626D21006312C1 /* Leetcode */ = {
			isa = PBXNativeTarget;
			buildConfigurationList = 43D446D622626D21006312C1 /* Build configuration list for PBXNativeTarget "Leetcode" */;
			buildPhases = (
				43D446CB22626D21006312C1 /* Sources */,
				43D446CC22626D21006312C1 /* Frameworks */,
				43D446CD22626D21006312C1 /* CopyFiles */,
			);
			buildRules = (
			);
			dependencies = (
			);
			name = Leetcode;
			productName = Leetcode;
			productReference = 43D446CF22626D21006312C1 /* Leetcode */;
			productType = "com.apple.product-type.tool";
		};
/* End PBXNativeTarget section */

/* Begin PBXProject section */
		43D446C722626D21006312C1 /* Project object */ = {
			isa = PBXProject;
			attributes = {
				LastSwiftUpdateCheck = 1020;
				LastUpgradeCheck = 1020;
				ORGANIZATIONNAME = "Shota Iwamoto";
				TargetAttributes = {
					43D446CE22626D21006312C1 = {
						CreatedOnToolsVersion = 10.2;
					};
				};
			};
			buildConfigurationList = 43D446CA22626D21006312C1 /* Build configuration list for PBXProject "Leetcode" */;
			compatibilityVersion = "Xcode 9.3";
			developmentRegion = en;
			hasScannedForEncodings = 0;
			knownRegions = (
				en,
			);
			mainGroup = 43D446C622626D21006312C1;
			productRefGroup = 43D446D022626D21006312C1 /* Products */;
			projectDirPath = "";
			projectRoot = "";
			targets = (
				43D446CE22626D21006312C1 /* Leetcode */,
			);
		};
/* End PBXProject section */

/* Begin PBXSourcesBuildPhase section */
		43D446CB22626D21006312C1 /* Sources */ = {
			isa = PBXSourcesBuildPhase;
			buildActionMask = 2147483647;
			files = (
				43DC41992265A163004CE94A /* 009.PalindromeNumber.swift in Sources */,
				43D21763229893EC00356B50 /* 204.CountPrimes.swift in Sources */,
				432C7C38226F9C2D0080F636 /* 387.FirstUniqueCharacterInAString.swift in Sources */,
				43DBA261226BE632004E5ACE /* 066.PlusOne .swift in Sources */,
				4332CBF52271919E00C51D36 /* 242.ValidAnagram.swift in Sources */,
				4325625A2282948300EA4C27 /* 070.ClimbingStairs .swift in Sources */,
				43708B87226CF8B5008277B9 /* 048.RotateImage.swift in Sources */,
				43092A04227AB5550077BE2D /* 038CountAndSay.swift in Sources */,
				4345445F22851D8A00FA5429 /* 121.BestTimetoBuyAndSellStock.swift in Sources */,
				43DC41972265A135004CE94A /* 013.RomanToInteger.swift in Sources */,
				43D446D322626D21006312C1 /* main.swift in Sources */,
				4348FFD222953F0900A9F440 /* 155.MinStack.swift in Sources */,
				432C7C36226F9B5D0080F636 /* 344.ReverseString.swift in Sources */,
				43B3F54822932F38009DE69E /* 384.ShuffleAnArray.swift in Sources */,
				438E806C2276B136004C5356 /* 028.ImplementStrStr.swift in Sources */,
				438E806A227401A3004C5356 /* 008.StringToIntegerAtoi.swift in Sources */,
				43DC41952265A119004CE94A /* 007.ReverseInteger.swift in Sources */,
				43DC419B2265A1A5004CE94A /* 122.BestTimeToBuyAndSellStockII.swift in Sources */,
				43227EFA227EA66700708F43 /* 088MergeSortedArray .swift in Sources */,
				439C191B226A6A13006FA74E /* 217.ContainsDuplicate.swift in Sources */,
				438E8046227373A1004C5356 /* 125.ValidPalindrome.swift in Sources */,
				43227EEB227C00BF00708F43 /* 014.LongestCommonPrefix.swift in Sources */,
				43B3F54622932DD4009DE69E /* 198.HouseRobber.swift in Sources */,
				43CF000A2296736B00A8D245 /* 412.FizzBuzz.swift in Sources */,
				43D446DA22626D9F006312C1 /* leetcode01.swift in Sources */,
				439C191D226A6BD7006FA74E /* 350.IntersectionOfTwoArraysII .swift in Sources */,
				437D134F2290D7BA0089CC3B /* 053.MaximumSubarray.swift in Sources */,
			);
			runOnlyForDeploymentPostprocessing = 0;
		};
/* End PBXSourcesBuildPhase section */

/* Begin XCBuildConfiguration section */
		43D446D422626D21006312C1 /* Debug */ = {
			isa = XCBuildConfiguration;
			buildSettings = {
				ALWAYS_SEARCH_USER_PATHS = NO;
				CLANG_ANALYZER_NONNULL = YES;
				CLANG_ANALYZER_NUMBER_OBJECT_CONVERSION = YES_AGGRESSIVE;
				CLANG_CXX_LANGUAGE_STANDARD = "gnu++14";
				CLANG_CXX_LIBRARY = "libc++";
				CLANG_ENABLE_MODULES = YES;
				CLANG_ENABLE_OBJC_ARC = YES;
				CLANG_ENABLE_OBJC_WEAK = YES;
				CLANG_WARN_BLOCK_CAPTURE_AUTORELEASING = YES;
				CLANG_WARN_BOOL_CONVERSION = YES;
				CLANG_WARN_COMMA = YES;
				CLANG_WARN_CONSTANT_CONVERSION = YES;
				CLANG_WARN_DEPRECATED_OBJC_IMPLEMENTATIONS = YES;
				CLANG_WARN_DIRECT_OBJC_ISA_USAGE = YES_ERROR;
				CLANG_WARN_DOCUMENTATION_COMMENTS = YES;
				CLANG_WARN_EMPTY_BODY = YES;
				CLANG_WARN_ENUM_CONVERSION = YES;
				CLANG_WARN_INFINITE_RECURSION = YES;
				CLANG_WARN_INT_CONVERSION = YES;
				CLANG_WARN_NON_LITERAL_NULL_CONVERSION = YES;
				CLANG_WARN_OBJC_IMPLICIT_RETAIN_SELF = YES;
				CLANG_WARN_OBJC_LITERAL_CONVERSION = YES;
				CLANG_WARN_OBJC_ROOT_CLASS = YES_ERROR;
				CLANG_WARN_RANGE_LOOP_ANALYSIS = YES;
				CLANG_WARN_STRICT_PROTOTYPES = YES;
				CLANG_WARN_SUSPICIOUS_MOVE = YES;
				CLANG_WARN_UNGUARDED_AVAILABILITY = YES_AGGRESSIVE;
				CLANG_WARN_UNREACHABLE_CODE = YES;
				CLANG_WARN__DUPLICATE_METHOD_MATCH = YES;
				CODE_SIGN_IDENTITY = "-";
				COPY_PHASE_STRIP = NO;
				DEBUG_INFORMATION_FORMAT = dwarf;
				ENABLE_STRICT_OBJC_MSGSEND = YES;
				ENABLE_TESTABILITY = YES;
				GCC_C_LANGUAGE_STANDARD = gnu11;
				GCC_DYNAMIC_NO_PIC = NO;
				GCC_NO_COMMON_BLOCKS = YES;
				GCC_OPTIMIZATION_LEVEL = 0;
				GCC_PREPROCESSOR_DEFINITIONS = (
					"DEBUG=1",
					"$(inherited)",
				);
				GCC_WARN_64_TO_32_BIT_CONVERSION = YES;
				GCC_WARN_ABOUT_RETURN_TYPE = YES_ERROR;
				GCC_WARN_UNDECLARED_SELECTOR = YES;
				GCC_WARN_UNINITIALIZED_AUTOS = YES_AGGRESSIVE;
				GCC_WARN_UNUSED_FUNCTION = YES;
				GCC_WARN_UNUSED_VARIABLE = YES;
				MACOSX_DEPLOYMENT_TARGET = 10.14;
				MTL_ENABLE_DEBUG_INFO = INCLUDE_SOURCE;
				MTL_FAST_MATH = YES;
				ONLY_ACTIVE_ARCH = YES;
				SDKROOT = macosx;
				SWIFT_ACTIVE_COMPILATION_CONDITIONS = DEBUG;
				SWIFT_OPTIMIZATION_LEVEL = "-Onone";
			};
			name = Debug;
		};
		43D446D522626D21006312C1 /* Release */ = {
			isa = XCBuildConfiguration;
			buildSettings = {
				ALWAYS_SEARCH_USER_PATHS = NO;
				CLANG_ANALYZER_NONNULL = YES;
				CLANG_ANALYZER_NUMBER_OBJECT_CONVERSION = YES_AGGRESSIVE;
				CLANG_CXX_LANGUAGE_STANDARD = "gnu++14";
				CLANG_CXX_LIBRARY = "libc++";
				CLANG_ENABLE_MODULES = YES;
				CLANG_ENABLE_OBJC_ARC = YES;
				CLANG_ENABLE_OBJC_WEAK = YES;
				CLANG_WARN_BLOCK_CAPTURE_AUTORELEASING = YES;
				CLANG_WARN_BOOL_CONVERSION = YES;
				CLANG_WARN_COMMA = YES;
				CLANG_WARN_CONSTANT_CONVERSION = YES;
				CLANG_WARN_DEPRECATED_OBJC_IMPLEMENTATIONS = YES;
				CLANG_WARN_DIRECT_OBJC_ISA_USAGE = YES_ERROR;
				CLANG_WARN_DOCUMENTATION_COMMENTS = YES;
				CLANG_WARN_EMPTY_BODY = YES;
				CLANG_WARN_ENUM_CONVERSION = YES;
				CLANG_WARN_INFINITE_RECURSION = YES;
				CLANG_WARN_INT_CONVERSION = YES;
				CLANG_WARN_NON_LITERAL_NULL_CONVERSION = YES;
				CLANG_WARN_OBJC_IMPLICIT_RETAIN_SELF = YES;
				CLANG_WARN_OBJC_LITERAL_CONVERSION = YES;
				CLANG_WARN_OBJC_ROOT_CLASS = YES_ERROR;
				CLANG_WARN_RANGE_LOOP_ANALYSIS = YES;
				CLANG_WARN_STRICT_PROTOTYPES = YES;
				CLANG_WARN_SUSPICIOUS_MOVE = YES;
				CLANG_WARN_UNGUARDED_AVAILABILITY = YES_AGGRESSIVE;
				CLANG_WARN_UNREACHABLE_CODE = YES;
				CLANG_WARN__DUPLICATE_METHOD_MATCH = YES;
				CODE_SIGN_IDENTITY = "-";
				COPY_PHASE_STRIP = NO;
				DEBUG_INFORMATION_FORMAT = "dwarf-with-dsym";
				ENABLE_NS_ASSERTIONS = NO;
				ENABLE_STRICT_OBJC_MSGSEND = YES;
				GCC_C_LANGUAGE_STANDARD = gnu11;
				GCC_NO_COMMON_BLOCKS = YES;
				GCC_WARN_64_TO_32_BIT_CONVERSION = YES;
				GCC_WARN_ABOUT_RETURN_TYPE = YES_ERROR;
				GCC_WARN_UNDECLARED_SELECTOR = YES;
				GCC_WARN_UNINITIALIZED_AUTOS = YES_AGGRESSIVE;
				GCC_WARN_UNUSED_FUNCTION = YES;
				GCC_WARN_UNUSED_VARIABLE = YES;
				MACOSX_DEPLOYMENT_TARGET = 10.14;
				MTL_ENABLE_DEBUG_INFO = NO;
				MTL_FAST_MATH = YES;
				SDKROOT = macosx;
				SWIFT_COMPILATION_MODE = wholemodule;
				SWIFT_OPTIMIZATION_LEVEL = "-O";
			};
			name = Release;
		};
		43D446D722626D21006312C1 /* Debug */ = {
			isa = XCBuildConfiguration;
			buildSettings = {
				CODE_SIGN_STYLE = Automatic;
				PRODUCT_NAME = "$(TARGET_NAME)";
				SWIFT_VERSION = 5.0;
			};
			name = Debug;
		};
		43D446D822626D21006312C1 /* Release */ = {
			isa = XCBuildConfiguration;
			buildSettings = {
				CODE_SIGN_STYLE = Automatic;
				PRODUCT_NAME = "$(TARGET_NAME)";
				SWIFT_VERSION = 5.0;
			};
			name = Release;
		};
/* End XCBuildConfiguration section */

/* Begin XCConfigurationList section */
		43D446CA22626D21006312C1 /* Build configuration list for PBXProject "Leetcode" */ = {
			isa = XCConfigurationList;
			buildConfigurations = (
				43D446D422626D21006312C1 /* Debug */,
				43D446D522626D21006312C1 /* Release */,
			);
			defaultConfigurationIsVisible = 0;
			defaultConfigurationName = Release;
		};
		43D446D622626D21006312C1 /* Build configuration list for PBXNativeTarget "Leetcode" */ = {
			isa = XCConfigurationList;
			buildConfigurations = (
				43D446D722626D21006312C1 /* Debug */,
				43D446D822626D21006312C1 /* Release */,
			);
			defaultConfigurationIsVisible = 0;
			defaultConfigurationName = Release;
		};
/* End XCConfigurationList section */
	};
	rootObject = 43D446C722626D21006312C1 /* Project object */;
}
